
Microsoft Visual Studio Solution File, Format Version 12.00
# Visual Studio Version 16
VisualStudioVersion = 16.0.30517.126
MinimumVisualStudioVersion = 10.0.40219.1
Project("{FAE04EC0-301F-11D3-BF4B-00C04F79EFBC}") = "BMX", "BMX\BMX.csproj", "{27EB2E61-C0FF-490C-8FFA-751A0FC79878}"
EndProject
Global
	GlobalSection(SolutionConfigurationPlatforms) = preSolution
		Debug|Any CPU = Debug|Any CPU
		Release|Any CPU = Release|Any CPU
	EndGlobalSection
	GlobalSection(ProjectConfigurationPlatforms) = postSolution
		{27EB2E61-C0FF-490C-8FFA-751A0FC79878}.Debug|Any CPU.ActiveCfg = Debug|Any CPU
		{27EB2E61-C0FF-490C-8FFA-751A0FC79878}.Debug|Any CPU.Build.0 = Debug|Any CPU
		{27EB2E61-C0FF-490C-8FFA-751A0FC79878}.Release|Any CPU.ActiveCfg = Release|Any CPU
		{27EB2E61-C0FF-490C-8FFA-751A0FC79878}.Release|Any CPU.Build.0 = Release|Any CPU
	EndGlobalSection
	GlobalSection(SolutionProperties) = preSolution
		HideSolutionNode = FALSE
	EndGlobalSection
	GlobalSection(ExtensibilityGlobals) = postSolution
		SolutionGuid = {28AFA4B4-2043-41AA-81D8-7ABB312AC2DB}
	EndGlobalSection
EndGlobal
